{
  "name": "2025_hsdi_web_frontend",
  "version": "1.0.0",
  "lockfileVersion": 3,
  "requires": true,
  "packages": {
    "": {
      "name": "2025_hsdi_web_frontend",
      "version": "1.0.0",
      "license": "ISC"
    }
  }
  "name": "2025_HSDI_Web_Frontend",
  "lockfileVersion": 3,
  "requires": true,
  "packages": {}
}
